<?xml version="1.0" encoding="utf-8"?>
<Project ToolsVersion="4.0" xmlns="http://schemas.microsoft.com/developer/msbuild/2003">
  <ItemGroup>
    <Filter Include="code">
      <UniqueIdentifier>{67065198-0862-4ef2-a3a6-e69dccb2345a}</UniqueIdentifier>
    </Filter>
    <Filter Include="code\hal_impl">
      <UniqueIdentifier>{19807a6a-9539-4f35-8c62-c314a2e322e6}</UniqueIdentifier>
    </Filter>
    <Filter Include="code\interface">
      <UniqueIdentifier>{61f9d860-f7da-479e-8370-4a8cdbdc55d2}</UniqueIdentifier>
    </Filter>
    <Filter Include="code\porting">
      <UniqueIdentifier>{5a3450be-fc6d-4a40-9d81-92e57e8285de}</UniqueIdentifier>
    </Filter>
    <Filter Include="code\interface\devices">
      <UniqueIdentifier>{99b3e4d0-824f-487b-a574-12f58f2d2082}</UniqueIdentifier>
    </Filter>
    <Filter Include="code\interface\devices\global">
      <UniqueIdentifier>{292595e4-cf08-4c90-8ae8-04a841498dbf}</UniqueIdentifier>
    </Filter>
    <Filter Include="code\interface\devices\global\devtype">
      <UniqueIdentifier>{89828667-d494-4b90-9e16-8a397ba0a46d}</UniqueIdentifier>
    </Filter>
    <Filter Include="code\interface\devices\video">
      <UniqueIdentifier>{3ae260e1-d45e-4ebe-9e20-9b66d316aaad}</UniqueIdentifier>
    </Filter>
    <Filter Include="code\interface\devices\video\moduleid">
      <UniqueIdentifier>{e9c7eb4c-4c5a-4e04-9fa4-bf7f24917fee}</UniqueIdentifier>
    </Filter>
    <Filter Include="code\interface\devices\video\v0.1">
      <UniqueIdentifier>{98ba13a6-2b90-4d5c-9a04-8e199785b5f8}</UniqueIdentifier>
    </Filter>
    <Filter Include="code\interface\platform">
      <UniqueIdentifier>{260f653f-46b6-4fba-99c5-3463e7b6c0f4}</UniqueIdentifier>
    </Filter>
    <Filter Include="code\interface\hpp">
      <UniqueIdentifier>{34314d21-e814-466a-9550-3a0439c2a4e7}</UniqueIdentifier>
    </Filter>
    <Filter Include="code\interface\hpp\intf_camera">
      <UniqueIdentifier>{924d63b7-dc85-4268-8b90-4ed4ec9eb4e3}</UniqueIdentifier>
    </Filter>
    <Filter Include="code\selftest">
      <UniqueIdentifier>{50ab657c-89e1-441a-afb8-76524f873b1f}</UniqueIdentifier>
    </Filter>
    <Filter Include="code\hal_impl\cpp">
      <UniqueIdentifier>{3d8372e0-e243-4d24-b3d4-a02eb868bcb1}</UniqueIdentifier>
    </Filter>
    <Filter Include="code\hal_impl\cpp\impl_camera">
      <UniqueIdentifier>{eb8dc619-c1c4-4626-870a-2bddf301dde0}</UniqueIdentifier>
    </Filter>
    <Filter Include="code\hal_impl\cpp\impl_camera\pipelineconfig">
      <UniqueIdentifier>{2beb229d-5b00-4d46-b885-0e53ac218b50}</UniqueIdentifier>
    </Filter>
    <Filter Include="code\hal_impl\cpp\impl_camera\threadroutine">
      <UniqueIdentifier>{694258f3-4246-4c9f-b8dc-7e8a2021b50a}</UniqueIdentifier>
    </Filter>
    <Filter Include="code\interface\hpp\intf_camera\1.0">
      <UniqueIdentifier>{9e12479a-5dcc-45e1-a923-38fe11b2a74c}</UniqueIdentifier>
    </Filter>
  </ItemGroup>
  <ItemGroup>
    <ClCompile Include="..\..\..\code\hal_impl\cpp\impl_camera\pipelineconfig\pipelineconfig_groupa.cpp">
      <Filter>code\hal_impl\cpp\impl_camera\pipelineconfig</Filter>
    </ClCompile>
    <ClCompile Include="..\..\..\code\hal_impl\cpp\impl_camera\pipelineconfig\pipelineconfig_groupb.cpp">
      <Filter>code\hal_impl\cpp\impl_camera\pipelineconfig</Filter>
    </ClCompile>
    <ClCompile Include="..\..\..\code\hal_impl\cpp\impl_camera\pipelineconfig\pipelineconfig_groupc.cpp">
      <Filter>code\hal_impl\cpp\impl_camera\pipelineconfig</Filter>
    </ClCompile>
    <ClCompile Include="..\..\..\code\hal_impl\cpp\impl_camera\pipelineconfig\pipelineconfig_multigroup.cpp">
      <Filter>code\hal_impl\cpp\impl_camera\pipelineconfig</Filter>
    </ClCompile>
    <ClCompile Include="..\..\..\code\hal_impl\cpp\impl_camera\threadroutine\blockpipeline_default.cpp">
      <Filter>code\hal_impl\cpp\impl_camera\threadroutine</Filter>
    </ClCompile>
    <ClCompile Include="..\..\..\code\hal_impl\cpp\impl_camera\threadroutine\outputpipeline_default.cpp">
      <Filter>code\hal_impl\cpp\impl_camera\threadroutine</Filter>
    </ClCompile>
    <ClCompile Include="..\..\..\code\hal_impl\cpp\impl_camera\threadroutine\sensorpipeline_default.cpp">
      <Filter>code\hal_impl\cpp\impl_camera\threadroutine</Filter>
    </ClCompile>
    <ClCompile Include="..\..\..\code\hal_impl\cpp\impl_camera\CameraDeviceImpl.cpp">
      <Filter>code\hal_impl\cpp\impl_camera</Filter>
    </ClCompile>
    <ClCompile Include="..\..\..\code\hal_impl\cpp\impl_camera\CameraDeviceSessionImpl.cpp">
      <Filter>code\hal_impl\cpp\impl_camera</Filter>
    </ClCompile>
    <ClCompile Include="..\..\..\code\hal_impl\cpp\impl_camera\hal_camera_log_impl.cpp">
      <Filter>code\hal_impl\cpp\impl_camera</Filter>
    </ClCompile>
    <ClCompile Include="selftest\gpu_test.cpp">
      <Filter>code\selftest</Filter>
    </ClCompile>
  </ItemGroup>
  <ItemGroup>
    <ClInclude Include="..\..\..\code\interface\hardware.h">
      <Filter>code\interface</Filter>
    </ClInclude>
    <ClInclude Include="..\..\..\code\interface\hw_hal_api.h">
      <Filter>code\interface</Filter>
    </ClInclude>
    <ClInclude Include="..\..\..\code\interface\hw_tag_and_version.h">
      <Filter>code\interface</Filter>
    </ClInclude>
    <ClInclude Include="..\..\..\code\interface\platform\hw_plat_log.h">
      <Filter>code\interface\platform</Filter>
    </ClInclude>
    <ClInclude Include="..\..\..\code\interface\platform\hw_platform.h">
      <Filter>code\interface\platform</Filter>
    </ClInclude>
    <ClInclude Include="..\..\..\code\interface\devices\hw_devices.h">
      <Filter>code\interface\devices</Filter>
    </ClInclude>
    <ClInclude Include="..\..\..\code\interface\devices\global\hw_global.h">
      <Filter>code\interface\devices\global</Filter>
    </ClInclude>
    <ClInclude Include="..\..\..\code\interface\devices\global\hw_global_devtype.h">
      <Filter>code\interface\devices\global</Filter>
    </ClInclude>
    <ClInclude Include="..\..\..\code\interface\devices\global\devtype\hw_global_devtype_v0.1.h">
      <Filter>code\interface\devices\global\devtype</Filter>
    </ClInclude>
    <ClInclude Include="..\..\..\code\interface\devices\video\moduleid\hw_video_moduleid_v0.1.h">
      <Filter>code\interface\devices\video\moduleid</Filter>
    </ClInclude>
    <ClInclude Include="..\..\..\code\interface\devices\video\hw_video.h">
      <Filter>code\interface\devices\video</Filter>
    </ClInclude>
    <ClInclude Include="..\..\..\code\interface\devices\video\hw_video_device.h">
      <Filter>code\interface\devices\video</Filter>
    </ClInclude>
    <ClInclude Include="..\..\..\code\interface\devices\video\hw_video_moduleid.h">
      <Filter>code\interface\devices\video</Filter>
    </ClInclude>
    <ClInclude Include="..\..\..\code\interface\devices\video\hw_video_version.h">
      <Filter>code\interface\devices\video</Filter>
    </ClInclude>
    <ClInclude Include="..\..\..\code\interface\devices\video\v0.1\hw_video_device_v0.1.h">
      <Filter>code\interface\devices\video\v0.1</Filter>
    </ClInclude>
    <ClInclude Include="..\..\..\code\porting\hw_porting_compile.h">
      <Filter>code\porting</Filter>
    </ClInclude>
    <ClInclude Include="..\..\..\code\interface\platform\hw_plat_basic.h">
      <Filter>code\interface\platform</Filter>
    </ClInclude>
    <ClInclude Include="..\..\..\code\interface\platform\hw_plat_basedef.h">
      <Filter>code\interface\platform</Filter>
    </ClInclude>
    <ClInclude Include="..\..\..\code\porting\hw_porting_baseinc.h">
      <Filter>code\porting</Filter>
    </ClInclude>
    <ClInclude Include="..\..\..\code\hal_impl\cpp\impl_camera\pipelineconfig\pipelineconfig_default.h">
      <Filter>code\hal_impl\cpp\impl_camera\pipelineconfig</Filter>
    </ClInclude>
    <ClInclude Include="..\..\..\code\hal_impl\cpp\impl_camera\threadroutine\default_threadroutine.h">
      <Filter>code\hal_impl\cpp\impl_camera\threadroutine</Filter>
    </ClInclude>
    <ClInclude Include="..\..\..\code\hal_impl\cpp\impl_camera\CameraDeviceImpl.hpp">
      <Filter>code\hal_impl\cpp\impl_camera</Filter>
    </ClInclude>
    <ClInclude Include="..\..\..\code\hal_impl\cpp\impl_camera\CameraDeviceSessionImpl.hpp">
      <Filter>code\hal_impl\cpp\impl_camera</Filter>
    </ClInclude>
    <ClInclude Include="..\..\..\code\hal_impl\cpp\impl_camera\hal_camera_baseinc_impl.h">
      <Filter>code\hal_impl\cpp\impl_camera</Filter>
    </ClInclude>
    <ClInclude Include="..\..\..\code\hal_impl\cpp\impl_camera\hal_camera_def_impl.h">
      <Filter>code\hal_impl\cpp\impl_camera</Filter>
    </ClInclude>
    <ClInclude Include="..\..\..\code\hal_impl\cpp\impl_camera\hal_camera_impl.h">
      <Filter>code\hal_impl\cpp\impl_camera</Filter>
    </ClInclude>
    <ClInclude Include="..\..\..\code\hal_impl\cpp\impl_camera\hal_camera_log_impl.h">
      <Filter>code\hal_impl\cpp\impl_camera</Filter>
    </ClInclude>
    <ClInclude Include="..\..\..\code\interface\hpp\intf_camera\1.0\camera_types.hpp">
      <Filter>code\interface\hpp\intf_camera\1.0</Filter>
    </ClInclude>
    <ClInclude Include="..\..\..\code\interface\hpp\intf_camera\1.0\hal_camera.hpp">
      <Filter>code\interface\hpp\intf_camera\1.0</Filter>
    </ClInclude>
    <ClInclude Include="..\..\..\code\interface\hpp\intf_camera\1.0\ICameraDevice.hpp">
      <Filter>code\interface\hpp\intf_camera\1.0</Filter>
    </ClInclude>
    <ClInclude Include="..\..\..\code\interface\hpp\intf_camera\1.0\ICameraDeviceCallback.hpp">
      <Filter>code\interface\hpp\intf_camera\1.0</Filter>
    </ClInclude>
    <ClInclude Include="..\..\..\code\interface\hpp\intf_camera\1.0\ICameraDeviceSession.hpp">
      <Filter>code\interface\hpp\intf_camera\1.0</Filter>
    </ClInclude>
  </ItemGroup>
</Project>